Microsoft Visual Studio Solution File, Format Version 12.00
# Visual Studio 15
VisualStudioVersion = 15.0.26430.15
MinimumVisualStudioVersion = 10.0.40219.1
Project("{FAE04EC0-301F-11D3-BF4B-00C04F79EFBC}") = "ListviewBugRepro", "ListviewBugRepro\ListviewBugRepro.csproj", "{B3B7031E-88BE-4AC4-AB7F-7C191159A291}"
EndProject
Project("{FAE04EC0-301F-11D3-BF4B-00C04F79EFBC}") = "ListviewBugRepro.iOS", "iOS\ListviewBugRepro.iOS.csproj", "{66CCC049-A2FF-4A04-B082-8BFA0D549C8C}"
EndProject
Project("{FAE04EC0-301F-11D3-BF4B-00C04F79EFBC}") = "ListviewBugRepro.Droid", "Droid\ListviewBugRepro.Droid.csproj", "{9E0B70BA-D873-4D3D-A0E8-EFC8AF133551}"
EndProject
Global
	GlobalSection(SolutionConfigurationPlatforms) = preSolution
		Debug|Any CPU = Debug|Any CPU
		Debug|iPhone = Debug|iPhone
		Debug|iPhoneSimulator = Debug|iPhoneSimulator
		Debug|x64 = Debug|x64
		Release|Any CPU = Release|Any CPU
		Release|iPhone = Release|iPhone
		Release|iPhoneSimulator = Release|iPhoneSimulator
		Release|x64 = Release|x64
	EndGlobalSection
	GlobalSection(ProjectConfigurationPlatforms) = postSolution
		{B3B7031E-88BE-4AC4-AB7F-7C191159A291}.Debug|Any CPU.ActiveCfg = Debug|Any CPU
		{B3B7031E-88BE-4AC4-AB7F-7C191159A291}.Debug|Any CPU.Build.0 = Debug|Any CPU
		{B3B7031E-88BE-4AC4-AB7F-7C191159A291}.Debug|iPhone.ActiveCfg = Debug|Any CPU
		{B3B7031E-88BE-4AC4-AB7F-7C191159A291}.Debug|iPhone.Build.0 = Debug|Any CPU
		{B3B7031E-88BE-4AC4-AB7F-7C191159A291}.Debug|iPhoneSimulator.ActiveCfg = Debug|Any CPU
		{B3B7031E-88BE-4AC4-AB7F-7C191159A291}.Debug|iPhoneSimulator.Build.0 = Debug|Any CPU
		{B3B7031E-88BE-4AC4-AB7F-7C191159A291}.Debug|x64.ActiveCfg = Debug|x64
		{B3B7031E-88BE-4AC4-AB7F-7C191159A291}.Debug|x64.Build.0 = Debug|x64
		{B3B7031E-88BE-4AC4-AB7F-7C191159A291}.Release|Any CPU.ActiveCfg = Release|Any CPU
		{B3B7031E-88BE-4AC4-AB7F-7C191159A291}.Release|Any CPU.Build.0 = Release|Any CPU
		{B3B7031E-88BE-4AC4-AB7F-7C191159A291}.Release|iPhone.ActiveCfg = Release|Any CPU
		{B3B7031E-88BE-4AC4-AB7F-7C191159A291}.Release|iPhone.Build.0 = Release|Any CPU
		{B3B7031E-88BE-4AC4-AB7F-7C191159A291}.Release|iPhoneSimulator.ActiveCfg = Release|Any CPU
		{B3B7031E-88BE-4AC4-AB7F-7C191159A291}.Release|iPhoneSimulator.Build.0 = Release|Any CPU
		{B3B7031E-88BE-4AC4-AB7F-7C191159A291}.Release|x64.ActiveCfg = Release|x64
		{B3B7031E-88BE-4AC4-AB7F-7C191159A291}.Release|x64.Build.0 = Release|x64
		{66CCC049-A2FF-4A04-B082-8BFA0D549C8C}.Debug|Any CPU.ActiveCfg = Debug|iPhoneSimulator
		{66CCC049-A2FF-4A04-B082-8BFA0D549C8C}.Debug|Any CPU.Build.0 = Debug|iPhoneSimulator
		{66CCC049-A2FF-4A04-B082-8BFA0D549C8C}.Debug|iPhone.ActiveCfg = Debug|iPhone
		{66CCC049-A2FF-4A04-B082-8BFA0D549C8C}.Debug|iPhone.Build.0 = Debug|iPhone
		{66CCC049-A2FF-4A04-B082-8BFA0D549C8C}.Debug|iPhoneSimulator.ActiveCfg = Debug|iPhoneSimulator
		{66CCC049-A2FF-4A04-B082-8BFA0D549C8C}.Debug|iPhoneSimulator.Build.0 = Debug|iPhoneSimulator
		{66CCC049-A2FF-4A04-B082-8BFA0D549C8C}.Debug|x64.ActiveCfg = Debug|x64
		{66CCC049-A2FF-4A04-B082-8BFA0D549C8C}.Debug|x64.Build.0 = Debug|x64
		{66CCC049-A2FF-4A04-B082-8BFA0D549C8C}.Release|Any CPU.ActiveCfg = Release|iPhone
		{66CCC049-A2FF-4A04-B082-8BFA0D549C8C}.Release|Any CPU.Build.0 = Release|iPhone
		{66CCC049-A2FF-4A04-B082-8BFA0D549C8C}.Release|iPhone.ActiveCfg = Release|iPhone
		{66CCC049-A2FF-4A04-B082-8BFA0D549C8C}.Release|iPhone.Build.0 = Release|iPhone
		{66CCC049-A2FF-4A04-B082-8BFA0D549C8C}.Release|iPhoneSimulator.ActiveCfg = Release|iPhoneSimulator
		{66CCC049-A2FF-4A04-B082-8BFA0D549C8C}.Release|iPhoneSimulator.Build.0 = Release|iPhoneSimulator
		{66CCC049-A2FF-4A04-B082-8BFA0D549C8C}.Release|x64.ActiveCfg = Release|x64
		{66CCC049-A2FF-4A04-B082-8BFA0D549C8C}.Release|x64.Build.0 = Release|x64
		{9E0B70BA-D873-4D3D-A0E8-EFC8AF133551}.Debug|Any CPU.ActiveCfg = Debug|Any CPU
		{9E0B70BA-D873-4D3D-A0E8-EFC8AF133551}.Debug|Any CPU.Build.0 = Debug|Any CPU
		{9E0B70BA-D873-4D3D-A0E8-EFC8AF133551}.Debug|iPhone.ActiveCfg = Debug|Any CPU
		{9E0B70BA-D873-4D3D-A0E8-EFC8AF133551}.Debug|iPhone.Build.0 = Debug|Any CPU
		{9E0B70BA-D873-4D3D-A0E8-EFC8AF133551}.Debug|iPhoneSimulator.ActiveCfg = Debug|Any CPU
		{9E0B70BA-D873-4D3D-A0E8-EFC8AF133551}.Debug|iPhoneSimulator.Build.0 = Debug|Any CPU
		{9E0B70BA-D873-4D3D-A0E8-EFC8AF133551}.Debug|x64.ActiveCfg = Debug|x64
		{9E0B70BA-D873-4D3D-A0E8-EFC8AF133551}.Debug|x64.Build.0 = Debug|x64
		{9E0B70BA-D873-4D3D-A0E8-EFC8AF133551}.Debug|x64.Deploy.0 = Debug|x64
		{9E0B70BA-D873-4D3D-A0E8-EFC8AF133551}.Release|Any CPU.ActiveCfg = Release|Any CPU
		{9E0B70BA-D873-4D3D-A0E8-EFC8AF133551}.Release|Any CPU.Build.0 = Release|Any CPU
		{9E0B70BA-D873-4D3D-A0E8-EFC8AF133551}.Release|iPhone.ActiveCfg = Release|Any CPU
		{9E0B70BA-D873-4D3D-A0E8-EFC8AF133551}.Release|iPhone.Build.0 = Release|Any CPU
		{9E0B70BA-D873-4D3D-A0E8-EFC8AF133551}.Release|iPhoneSimulator.ActiveCfg = Release|Any CPU
		{9E0B70BA-D873-4D3D-A0E8-EFC8AF133551}.Release|iPhoneSimulator.Build.0 = Release|Any CPU
		{9E0B70BA-D873-4D3D-A0E8-EFC8AF133551}.Release|x64.ActiveCfg = Release|x64
		{9E0B70BA-D873-4D3D-A0E8-EFC8AF133551}.Release|x64.Build.0 = Release|x64
		{9E0B70BA-D873-4D3D-A0E8-EFC8AF133551}.Release|x64.Deploy.0 = Release|x64
	EndGlobalSection
	GlobalSection(SolutionProperties) = preSolution
		HideSolutionNode = FALSE
	EndGlobalSection
EndGlobal
